
Microsoft Visual Studio Solution File, Format Version 12.00
# Visual Studio Version 17
VisualStudioVersion = 17.3.32804.467
MinimumVisualStudioVersion = 10.0.40219.1
Project("{2150E333-8FDC-42A3-9474-1A3956D46DE8}") = "Services", "Services", "{212A0778-6C7D-439B-9A24-7FCCF1ED85F6}"
EndProject
Project("{2150E333-8FDC-42A3-9474-1A3956D46DE8}") = "Catalog", "Catalog", "{E215D0A1-9317-4F95-B41F-DC0FA61C7E38}"
EndProject
Project("{9A19103F-16F7-4668-BE54-9A1E7A4F7556}") = "Catalog.API", "Services\Catalog\Catalog.API\Catalog.API.csproj", "{D7EF93CE-58F2-4759-86C9-91FF4710257D}"
EndProject
Project("{9A19103F-16F7-4668-BE54-9A1E7A4F7556}") = "Catalog.Application", "Services\Catalog\Catalog.Application\Catalog.Application.csproj", "{2A6C7152-4498-4FB5-861B-D17FFD2A3414}"
EndProject
Project("{9A19103F-16F7-4668-BE54-9A1E7A4F7556}") = "Catalog.Domain", "Services\Catalog\Catalog.Domain\Catalog.Domain.csproj", "{454C6481-5283-42E4-94D6-00152256E4DE}"
EndProject
Project("{9A19103F-16F7-4668-BE54-9A1E7A4F7556}") = "Catalog.Infrastructure", "Services\Catalog\Catalog.Infrastructure\Catalog.Infrastructure.csproj", "{A71B0E53-1044-4392-B598-6D0ABCF8D376}"
EndProject
Project("{9A19103F-16F7-4668-BE54-9A1E7A4F7556}") = "Catalog.Test", "Services\Catalog\Catalog.Test\Catalog.Test.csproj", "{8A9B1E67-1CD5-4E7B-B4B3-89E4F3987CD0}"
EndProject
Project("{2150E333-8FDC-42A3-9474-1A3956D46DE8}") = "Cart", "Cart", "{5BD97062-2767-47B2-844F-9A1493F0665B}"
EndProject
Project("{9A19103F-16F7-4668-BE54-9A1E7A4F7556}") = "Cart.API", "Services\Cart\Cart.API\Cart.API.csproj", "{81327048-F54E-453A-B63B-8F8B3CA30932}"
EndProject
Project("{9A19103F-16F7-4668-BE54-9A1E7A4F7556}") = "Cart.Application", "Services\Cart\Cart.Application\Cart.Application.csproj", "{60839911-6E65-4747-B6F6-2C49D64B1434}"
EndProject
Project("{9A19103F-16F7-4668-BE54-9A1E7A4F7556}") = "Cart.Domain", "Services\Cart\Cart.Domain\Cart.Domain.csproj", "{7BAC3857-CB3C-4E22-A5B7-04DCC692FE75}"
EndProject
Project("{9A19103F-16F7-4668-BE54-9A1E7A4F7556}") = "Cart.Infrastructure", "Services\Cart\Cart.Infrastructure\Cart.Infrastructure.csproj", "{3060DA5E-50DA-4397-AE48-2D67542D24A2}"
EndProject
Project("{9A19103F-16F7-4668-BE54-9A1E7A4F7556}") = "Cart.Test", "Services\Cart\Cart.Test\Cart.Test.csproj", "{213CB6F8-AD61-44C5-A868-322C15B7154D}"
EndProject
Project("{2150E333-8FDC-42A3-9474-1A3956D46DE8}") = "MessageBrocker", "MessageBrocker", "{34664973-2E4D-48C0-A265-26F385B94565}"
EndProject
Project("{9A19103F-16F7-4668-BE54-9A1E7A4F7556}") = "EventBus.Messages", "MessageBrocker\EventBus.Messages\EventBus.Messages.csproj", "{450AF410-6916-410C-AFDE-2511D79B0B36}"
EndProject
Global
	GlobalSection(SolutionConfigurationPlatforms) = preSolution
		Debug|Any CPU = Debug|Any CPU
		Release|Any CPU = Release|Any CPU
	EndGlobalSection
	GlobalSection(ProjectConfigurationPlatforms) = postSolution
		{D7EF93CE-58F2-4759-86C9-91FF4710257D}.Debug|Any CPU.ActiveCfg = Debug|Any CPU
		{D7EF93CE-58F2-4759-86C9-91FF4710257D}.Debug|Any CPU.Build.0 = Debug|Any CPU
		{D7EF93CE-58F2-4759-86C9-91FF4710257D}.Release|Any CPU.ActiveCfg = Release|Any CPU
		{D7EF93CE-58F2-4759-86C9-91FF4710257D}.Release|Any CPU.Build.0 = Release|Any CPU
		{2A6C7152-4498-4FB5-861B-D17FFD2A3414}.Debug|Any CPU.ActiveCfg = Debug|Any CPU
		{2A6C7152-4498-4FB5-861B-D17FFD2A3414}.Debug|Any CPU.Build.0 = Debug|Any CPU
		{2A6C7152-4498-4FB5-861B-D17FFD2A3414}.Release|Any CPU.ActiveCfg = Release|Any CPU
		{2A6C7152-4498-4FB5-861B-D17FFD2A3414}.Release|Any CPU.Build.0 = Release|Any CPU
		{454C6481-5283-42E4-94D6-00152256E4DE}.Debug|Any CPU.ActiveCfg = Debug|Any CPU
		{454C6481-5283-42E4-94D6-00152256E4DE}.Debug|Any CPU.Build.0 = Debug|Any CPU
		{454C6481-5283-42E4-94D6-00152256E4DE}.Release|Any CPU.ActiveCfg = Release|Any CPU
		{454C6481-5283-42E4-94D6-00152256E4DE}.Release|Any CPU.Build.0 = Release|Any CPU
		{A71B0E53-1044-4392-B598-6D0ABCF8D376}.Debug|Any CPU.ActiveCfg = Debug|Any CPU
		{A71B0E53-1044-4392-B598-6D0ABCF8D376}.Debug|Any CPU.Build.0 = Debug|Any CPU
		{A71B0E53-1044-4392-B598-6D0ABCF8D376}.Release|Any CPU.ActiveCfg = Release|Any CPU
		{A71B0E53-1044-4392-B598-6D0ABCF8D376}.Release|Any CPU.Build.0 = Release|Any CPU
		{8A9B1E67-1CD5-4E7B-B4B3-89E4F3987CD0}.Debug|Any CPU.ActiveCfg = Debug|Any CPU
		{8A9B1E67-1CD5-4E7B-B4B3-89E4F3987CD0}.Debug|Any CPU.Build.0 = Debug|Any CPU
		{8A9B1E67-1CD5-4E7B-B4B3-89E4F3987CD0}.Release|Any CPU.ActiveCfg = Release|Any CPU
		{8A9B1E67-1CD5-4E7B-B4B3-89E4F3987CD0}.Release|Any CPU.Build.0 = Release|Any CPU
		{81327048-F54E-453A-B63B-8F8B3CA30932}.Debug|Any CPU.ActiveCfg = Debug|Any CPU
		{81327048-F54E-453A-B63B-8F8B3CA30932}.Debug|Any CPU.Build.0 = Debug|Any CPU
		{81327048-F54E-453A-B63B-8F8B3CA30932}.Release|Any CPU.ActiveCfg = Release|Any CPU
		{81327048-F54E-453A-B63B-8F8B3CA30932}.Release|Any CPU.Build.0 = Release|Any CPU
		{60839911-6E65-4747-B6F6-2C49D64B1434}.Debug|Any CPU.ActiveCfg = Debug|Any CPU
		{60839911-6E65-4747-B6F6-2C49D64B1434}.Debug|Any CPU.Build.0 = Debug|Any CPU
		{60839911-6E65-4747-B6F6-2C49D64B1434}.Release|Any CPU.ActiveCfg = Release|Any CPU
		{60839911-6E65-4747-B6F6-2C49D64B1434}.Release|Any CPU.Build.0 = Release|Any CPU
		{7BAC3857-CB3C-4E22-A5B7-04DCC692FE75}.Debug|Any CPU.ActiveCfg = Debug|Any CPU
		{7BAC3857-CB3C-4E22-A5B7-04DCC692FE75}.Debug|Any CPU.Build.0 = Debug|Any CPU
		{7BAC3857-CB3C-4E22-A5B7-04DCC692FE75}.Release|Any CPU.ActiveCfg = Release|Any CPU
		{7BAC3857-CB3C-4E22-A5B7-04DCC692FE75}.Release|Any CPU.Build.0 = Release|Any CPU
		{3060DA5E-50DA-4397-AE48-2D67542D24A2}.Debug|Any CPU.ActiveCfg = Debug|Any CPU
		{3060DA5E-50DA-4397-AE48-2D67542D24A2}.Debug|Any CPU.Build.0 = Debug|Any CPU
		{3060DA5E-50DA-4397-AE48-2D67542D24A2}.Release|Any CPU.ActiveCfg = Release|Any CPU
		{3060DA5E-50DA-4397-AE48-2D67542D24A2}.Release|Any CPU.Build.0 = Release|Any CPU
		{213CB6F8-AD61-44C5-A868-322C15B7154D}.Debug|Any CPU.ActiveCfg = Debug|Any CPU
		{213CB6F8-AD61-44C5-A868-322C15B7154D}.Debug|Any CPU.Build.0 = Debug|Any CPU
		{213CB6F8-AD61-44C5-A868-322C15B7154D}.Release|Any CPU.ActiveCfg = Release|Any CPU
		{213CB6F8-AD61-44C5-A868-322C15B7154D}.Release|Any CPU.Build.0 = Release|Any CPU
		{450AF410-6916-410C-AFDE-2511D79B0B36}.Debug|Any CPU.ActiveCfg = Debug|Any CPU
		{450AF410-6916-410C-AFDE-2511D79B0B36}.Debug|Any CPU.Build.0 = Debug|Any CPU
		{450AF410-6916-410C-AFDE-2511D79B0B36}.Release|Any CPU.ActiveCfg = Release|Any CPU
		{450AF410-6916-410C-AFDE-2511D79B0B36}.Release|Any CPU.Build.0 = Release|Any CPU
	EndGlobalSection
	GlobalSection(SolutionProperties) = preSolution
		HideSolutionNode = FALSE
	EndGlobalSection
	GlobalSection(NestedProjects) = preSolution
		{E215D0A1-9317-4F95-B41F-DC0FA61C7E38} = {212A0778-6C7D-439B-9A24-7FCCF1ED85F6}
		{D7EF93CE-58F2-4759-86C9-91FF4710257D} = {E215D0A1-9317-4F95-B41F-DC0FA61C7E38}
		{2A6C7152-4498-4FB5-861B-D17FFD2A3414} = {E215D0A1-9317-4F95-B41F-DC0FA61C7E38}
		{454C6481-5283-42E4-94D6-00152256E4DE} = {E215D0A1-9317-4F95-B41F-DC0FA61C7E38}
		{A71B0E53-1044-4392-B598-6D0ABCF8D376} = {E215D0A1-9317-4F95-B41F-DC0FA61C7E38}
		{8A9B1E67-1CD5-4E7B-B4B3-89E4F3987CD0} = {E215D0A1-9317-4F95-B41F-DC0FA61C7E38}
		{5BD97062-2767-47B2-844F-9A1493F0665B} = {212A0778-6C7D-439B-9A24-7FCCF1ED85F6}
		{81327048-F54E-453A-B63B-8F8B3CA30932} = {5BD97062-2767-47B2-844F-9A1493F0665B}
		{60839911-6E65-4747-B6F6-2C49D64B1434} = {5BD97062-2767-47B2-844F-9A1493F0665B}
		{7BAC3857-CB3C-4E22-A5B7-04DCC692FE75} = {5BD97062-2767-47B2-844F-9A1493F0665B}
		{3060DA5E-50DA-4397-AE48-2D67542D24A2} = {5BD97062-2767-47B2-844F-9A1493F0665B}
		{213CB6F8-AD61-44C5-A868-322C15B7154D} = {5BD97062-2767-47B2-844F-9A1493F0665B}
		{450AF410-6916-410C-AFDE-2511D79B0B36} = {34664973-2E4D-48C0-A265-26F385B94565}
	EndGlobalSection
	GlobalSection(ExtensibilityGlobals) = postSolution
		SolutionGuid = {306DB5F3-C8B5-4B67-8555-622511C95BBF}
	EndGlobalSection
EndGlobal
